
Microsoft Visual Studio Solution File, Format Version 12.00
# Visual Studio Version 17
VisualStudioVersion = 17.8.34316.72
MinimumVisualStudioVersion = 10.0.40219.1
Project("{8BC9CEB8-8B4A-11D0-8D11-00A0C91BC942}") = "lab 9 map apple", "lab 9 map apple.vcxproj", "{B9F477F5-28F3-4DCB-9A31-F79DEC2C20FB}"
EndProject
Global
	GlobalSection(SolutionConfigurationPlatforms) = preSolution
		Debug|x64 = Debug|x64
		Debug|x86 = Debug|x86
		Release|x64 = Release|x64
		Release|x86 = Release|x86
	EndGlobalSection
	GlobalSection(ProjectConfigurationPlatforms) = postSolution
		{B9F477F5-28F3-4DCB-9A31-F79DEC2C20FB}.Debug|x64.ActiveCfg = Debug|x64
		{B9F477F5-28F3-4DCB-9A31-F79DEC2C20FB}.Debug|x64.Build.0 = Debug|x64
		{B9F477F5-28F3-4DCB-9A31-F79DEC2C20FB}.Debug|x86.ActiveCfg = Debug|Win32
		{B9F477F5-28F3-4DCB-9A31-F79DEC2C20FB}.Debug|x86.Build.0 = Debug|Win32
		{B9F477F5-28F3-4DCB-9A31-F79DEC2C20FB}.Release|x64.ActiveCfg = Release|x64
		{B9F477F5-28F3-4DCB-9A31-F79DEC2C20FB}.Release|x64.Build.0 = Release|x64
		{B9F477F5-28F3-4DCB-9A31-F79DEC2C20FB}.Release|x86.ActiveCfg = Release|Win32
		{B9F477F5-28F3-4DCB-9A31-F79DEC2C20FB}.Release|x86.Build.0 = Release|Win32
	EndGlobalSection
	GlobalSection(SolutionProperties) = preSolution
		HideSolutionNode = FALSE
	EndGlobalSection
	GlobalSection(ExtensibilityGlobals) = postSolution
		SolutionGuid = {FBDDE74A-E473-4115-A0C5-44FF69EA3C5C}
	EndGlobalSection
EndGlobal
